
Microsoft Visual Studio Solution File, Format Version 12.00
# Visual Studio Version 17
VisualStudioVersion = 17.13.35931.197 d17.13
MinimumVisualStudioVersion = 10.0.40219.1
Project("{FAE04EC0-301F-11D3-BF4B-00C04F79EFBC}") = "Bismillah", "Bismillah\Bismillah.csproj", "{45CBABE5-F1BB-47B5-AE74-B2B32F9352C4}"
EndProject
Global
	GlobalSection(SolutionConfigurationPlatforms) = preSolution
		Debug|Any CPU = Debug|Any CPU
		Release|Any CPU = Release|Any CPU
	EndGlobalSection
	GlobalSection(ProjectConfigurationPlatforms) = postSolution
		{45CBABE5-F1BB-47B5-AE74-B2B32F9352C4}.Debug|Any CPU.ActiveCfg = Debug|Any CPU
		{45CBABE5-F1BB-47B5-AE74-B2B32F9352C4}.Debug|Any CPU.Build.0 = Debug|Any CPU
		{45CBABE5-F1BB-47B5-AE74-B2B32F9352C4}.Release|Any CPU.ActiveCfg = Release|Any CPU
		{45CBABE5-F1BB-47B5-AE74-B2B32F9352C4}.Release|Any CPU.Build.0 = Release|Any CPU
	EndGlobalSection
	GlobalSection(SolutionProperties) = preSolution
		HideSolutionNode = FALSE
	EndGlobalSection
	GlobalSection(ExtensibilityGlobals) = postSolution
		SolutionGuid = {3B6E7533-8D57-445E-A85A-6F2A7B1D2D2B}
	EndGlobalSection
EndGlobal
